
Microsoft Visual Studio Solution File, Format Version 12.00
# Visual Studio Version 16
VisualStudioVersion = 16.0.32413.511
MinimumVisualStudioVersion = 10.0.40219.1
Project("{9A19103F-16F7-4668-BE54-9A1E7A4F7556}") = "UserApp.Api", "Api\UserApp.Api.csproj", "{A5C85F5D-9BB7-43F5-A77F-CB99CC8654E1}"
EndProject
Project("{9A19103F-16F7-4668-BE54-9A1E7A4F7556}") = "UserApp.Web", "Web\UserApp.Web.csproj", "{2F6A656E-5C48-4AE6-8B01-5405B131DA95}"
EndProject
Global
	GlobalSection(SolutionConfigurationPlatforms) = preSolution
		Debug|Any CPU = Debug|Any CPU
		Release|Any CPU = Release|Any CPU
	EndGlobalSection
	GlobalSection(ProjectConfigurationPlatforms) = postSolution
		{A5C85F5D-9BB7-43F5-A77F-CB99CC8654E1}.Debug|Any CPU.ActiveCfg = Debug|Any CPU
		{A5C85F5D-9BB7-43F5-A77F-CB99CC8654E1}.Debug|Any CPU.Build.0 = Debug|Any CPU
		{A5C85F5D-9BB7-43F5-A77F-CB99CC8654E1}.Release|Any CPU.ActiveCfg = Release|Any CPU
		{A5C85F5D-9BB7-43F5-A77F-CB99CC8654E1}.Release|Any CPU.Build.0 = Release|Any CPU
		{2F6A656E-5C48-4AE6-8B01-5405B131DA95}.Debug|Any CPU.ActiveCfg = Debug|Any CPU
		{2F6A656E-5C48-4AE6-8B01-5405B131DA95}.Debug|Any CPU.Build.0 = Debug|Any CPU
		{2F6A656E-5C48-4AE6-8B01-5405B131DA95}.Release|Any CPU.ActiveCfg = Release|Any CPU
		{2F6A656E-5C48-4AE6-8B01-5405B131DA95}.Release|Any CPU.Build.0 = Release|Any CPU
	EndGlobalSection
	GlobalSection(SolutionProperties) = preSolution
		HideSolutionNode = FALSE
	EndGlobalSection
	GlobalSection(ExtensibilityGlobals) = postSolution
		SolutionGuid = {A60314AF-867A-4F0A-95ED-BD62AC51D180}
	EndGlobalSection
EndGlobal
